// !$*UTF8*$!
{
	archiveVersion = 1;
	classes = {
	};
	objectVersion = 56;
	objects = {

/* Begin PBXBuildFile section */
		CED5FEEC28F7A180003BD119 /* DummyTrainApp.swift in Sources */ = {isa = PBXBuildFile; fileRef = CED5FEEB28F7A180003BD119 /* DummyTrainApp.swift */; };
		CED5FEEE28F7A180003BD119 /* ContentView.swift in Sources */ = {isa = PBXBuildFile; fileRef = CED5FEED28F7A180003BD119 /* ContentView.swift */; };
		CED5FEF028F7A181003BD119 /* Assets.xcassets in Resources */ = {isa = PBXBuildFile; fileRef = CED5FEEF28F7A181003BD119 /* Assets.xcassets */; };
		CED5FEF328F7A181003BD119 /* Preview Assets.xcassets in Resources */ = {isa = PBXBuildFile; fileRef = CED5FEF228F7A181003BD119 /* Preview Assets.xcassets */; };
		CED5FEFD28F7A5AC003BD119 /* TicketView.swift in Sources */ = {isa = PBXBuildFile; fileRef = CED5FEFC28F7A5AC003BD119 /* TicketView.swift */; };
		CED5FF0028F7E6C3003BD119 /* NavigationBarModifier.swift in Sources */ = {isa = PBXBuildFile; fileRef = CED5FEFF28F7E6C3003BD119 /* NavigationBarModifier.swift */; };
		CED5FF0328F7E6F0003BD119 /* View+Ext.swift in Sources */ = {isa = PBXBuildFile; fileRef = CED5FF0228F7E6F0003BD119 /* View+Ext.swift */; };
		CED5FF0528F80547003BD119 /* RoundedRectangleButtonStyle.swift in Sources */ = {isa = PBXBuildFile; fileRef = CED5FF0428F80547003BD119 /* RoundedRectangleButtonStyle.swift */; };
/* End PBXBuildFile section */

/* Begin PBXFileReference section */
		CED5FEE828F7A180003BD119 /* DummyTrain.app */ = {isa = PBXFileReference; explicitFileType = wrapper.application; includeInIndex = 0; path = DummyTrain.app; sourceTree = BUILT_PRODUCTS_DIR; };
		CED5FEEB28F7A180003BD119 /* DummyTrainApp.swift */ = {isa = PBXFileReference; lastKnownFileType = sourcecode.swift; path = DummyTrainApp.swift; sourceTree = "<group>"; };
		CED5FEED28F7A180003BD119 /* ContentView.swift */ = {isa = PBXFileReference; lastKnownFileType = sourcecode.swift; path = ContentView.swift; sourceTree = "<group>"; };
		CED5FEEF28F7A181003BD119 /* Assets.xcassets */ = {isa = PBXFileReference; lastKnownFileType = folder.assetcatalog; path = Assets.xcassets; sourceTree = "<group>"; };
		CED5FEF228F7A181003BD119 /* Preview Assets.xcassets */ = {isa = PBXFileReference; lastKnownFileType = folder.assetcatalog; path = "Preview Assets.xcassets"; sourceTree = "<group>"; };
		CED5FEFC28F7A5AC003BD119 /* TicketView.swift */ = {isa = PBXFileReference; lastKnownFileType = sourcecode.swift; path = TicketView.swift; sourceTree = "<group>"; };
		CED5FEFF28F7E6C3003BD119 /* NavigationBarModifier.swift */ = {isa = PBXFileReference; lastKnownFileType = sourcecode.swift; path = NavigationBarModifier.swift; sourceTree = "<group>"; };
		CED5FF0228F7E6F0003BD119 /* View+Ext.swift */ = {isa = PBXFileReference; lastKnownFileType = sourcecode.swift; path = "View+Ext.swift"; sourceTree = "<group>"; };
		CED5FF0428F80547003BD119 /* RoundedRectangleButtonStyle.swift */ = {isa = PBXFileReference; lastKnownFileType = sourcecode.swift; path = RoundedRectangleButtonStyle.swift; sourceTree = "<group>"; };
/* End PBXFileReference section */

/* Begin PBXFrameworksBuildPhase section */
		CED5FEE528F7A180003BD119 /* Frameworks */ = {
			isa = PBXFrameworksBuildPhase;
			buildActionMask = 2147483647;
			files = (
			);
			runOnlyForDeploymentPostprocessing = 0;
		};
/* End PBXFrameworksBuildPhase section */

/* Begin PBXGroup section */
		CED5FEDF28F7A180003BD119 = {
			isa = PBXGroup;
			children = (
				CED5FEEA28F7A180003BD119 /* DummyTrain */,
				CED5FEE928F7A180003BD119 /* Products */,
			);
			sourceTree = "<group>";
		};
		CED5FEE928F7A180003BD119 /* Products */ = {
			isa = PBXGroup;
			children = (
				CED5FEE828F7A180003BD119 /* DummyTrain.app */,
			);
			name = Products;
			sourceTree = "<group>";
		};
		CED5FEEA28F7A180003BD119 /* DummyTrain */ = {
			isa = PBXGroup;
			children = (
				CED5FF0128F7E6E0003BD119 /* Extensions */,
				CED5FEFE28F7E6B5003BD119 /* Handlers */,
				CED5FEF928F7A567003BD119 /* Views */,
				CED5FEEB28F7A180003BD119 /* DummyTrainApp.swift */,
				CED5FEEF28F7A181003BD119 /* Assets.xcassets */,
				CED5FEF128F7A181003BD119 /* Preview Content */,
			);
			path = DummyTrain;
			sourceTree = "<group>";
		};
		CED5FEF128F7A181003BD119 /* Preview Content */ = {
			isa = PBXGroup;
			children = (
				CED5FEF228F7A181003BD119 /* Preview Assets.xcassets */,
			);
			path = "Preview Content";
			sourceTree = "<group>";
		};
		CED5FEF928F7A567003BD119 /* Views */ = {
			isa = PBXGroup;
			children = (
				CED5FEED28F7A180003BD119 /* ContentView.swift */,
				CED5FEFC28F7A5AC003BD119 /* TicketView.swift */,
				CED5FF0428F80547003BD119 /* RoundedRectangleButtonStyle.swift */,
			);
			path = Views;
			sourceTree = "<group>";
		};
		CED5FEFE28F7E6B5003BD119 /* Handlers */ = {
			isa = PBXGroup;
			children = (
				CED5FEFF28F7E6C3003BD119 /* NavigationBarModifier.swift */,
			);
			path = Handlers;
			sourceTree = "<group>";
		};
		CED5FF0128F7E6E0003BD119 /* Extensions */ = {
			isa = PBXGroup;
			children = (
				CED5FF0228F7E6F0003BD119 /* View+Ext.swift */,
			);
			path = Extensions;
			sourceTree = "<group>";
		};
/* End PBXGroup section */

/* Begin PBXNativeTarget section */
		CED5FEE728F7A180003BD119 /* DummyTrain */ = {
			isa = PBXNativeTarget;
			buildConfigurationList = CED5FEF628F7A181003BD119 /* Build configuration list for PBXNativeTarget "DummyTrain" */;
			buildPhases = (
				CED5FEE428F7A180003BD119 /* Sources */,
				CED5FEE528F7A180003BD119 /* Frameworks */,
				CED5FEE628F7A180003BD119 /* Resources */,
			);
			buildRules = (
			);
			dependencies = (
			);
			name = DummyTrain;
			productName = DummyTrain;
			productReference = CED5FEE828F7A180003BD119 /* DummyTrain.app */;
			productType = "com.apple.product-type.application";
		};
/* End PBXNativeTarget section */

/* Begin PBXProject section */
		CED5FEE028F7A180003BD119 /* Project object */ = {
			isa = PBXProject;
			attributes = {
				BuildIndependentTargetsInParallel = 1;
				LastSwiftUpdateCheck = 1400;
				LastUpgradeCheck = 1400;
				TargetAttributes = {
					CED5FEE728F7A180003BD119 = {
						CreatedOnToolsVersion = 14.0.1;
					};
				};
			};
			buildConfigurationList = CED5FEE328F7A180003BD119 /* Build configuration list for PBXProject "DummyTrain" */;
			compatibilityVersion = "Xcode 14.0";
			developmentRegion = en;
			hasScannedForEncodings = 0;
			knownRegions = (
				en,
				Base,
			);
			mainGroup = CED5FEDF28F7A180003BD119;
			productRefGroup = CED5FEE928F7A180003BD119 /* Products */;
			projectDirPath = "";
			projectRoot = "";
			targets = (
				CED5FEE728F7A180003BD119 /* DummyTrain */,
			);
		};
/* End PBXProject section */

/* Begin PBXResourcesBuildPhase section */
		CED5FEE628F7A180003BD119 /* Resources */ = {
			isa = PBXResourcesBuildPhase;
			buildActionMask = 2147483647;
			files = (
				CED5FEF328F7A181003BD119 /* Preview Assets.xcassets in Resources */,
				CED5FEF028F7A181003BD119 /* Assets.xcassets in Resources */,
			);
			runOnlyForDeploymentPostprocessing = 0;
		};
/* End PBXResourcesBuildPhase section */

/* Begin PBXSourcesBuildPhase section */
		CED5FEE428F7A180003BD119 /* Sources */ = {
			isa = PBXSourcesBuildPhase;
			buildActionMask = 2147483647;
			files = (
				CED5FEFD28F7A5AC003BD119 /* TicketView.swift in Sources */,
				CED5FEEE28F7A180003BD119 /* ContentView.swift in Sources */,
				CED5FF0328F7E6F0003BD119 /* View+Ext.swift in Sources */,
				CED5FF0528F80547003BD119 /* RoundedRectangleButtonStyle.swift in Sources */,
				CED5FF0028F7E6C3003BD119 /* NavigationBarModifier.swift in Sources */,
				CED5FEEC28F7A180003BD119 /* DummyTrainApp.swift in Sources */,
			);
			runOnlyForDeploymentPostprocessing = 0;
		};
/* End PBXSourcesBuildPhase section */

/* Begin XCBuildConfiguration section */
		CED5FEF428F7A181003BD119 /* Debug */ = {
			isa = XCBuildConfiguration;
			buildSettings = {
				ALWAYS_SEARCH_USER_PATHS = NO;
				CLANG_ANALYZER_NONNULL = YES;
				CLANG_ANALYZER_NUMBER_OBJECT_CONVERSION = YES_AGGRESSIVE;
				CLANG_CXX_LANGUAGE_STANDARD = "gnu++20";
				CLANG_ENABLE_MODULES = YES;
				CLANG_ENABLE_OBJC_ARC = YES;
				CLANG_ENABLE_OBJC_WEAK = YES;
				CLANG_WARN_BLOCK_CAPTURE_AUTORELEASING = YES;
				CLANG_WARN_BOOL_CONVERSION = YES;
				CLANG_WARN_COMMA = YES;
				CLANG_WARN_CONSTANT_CONVERSION = YES;
				CLANG_WARN_DEPRECATED_OBJC_IMPLEMENTATIONS = YES;
				CLANG_WARN_DIRECT_OBJC_ISA_USAGE = YES_ERROR;
				CLANG_WARN_DOCUMENTATION_COMMENTS = YES;
				CLANG_WARN_EMPTY_BODY = YES;
				CLANG_WARN_ENUM_CONVERSION = YES;
				CLANG_WARN_INFINITE_RECURSION = YES;
				CLANG_WARN_INT_CONVERSION = YES;
				CLANG_WARN_NON_LITERAL_NULL_CONVERSION = YES;
				CLANG_WARN_OBJC_IMPLICIT_RETAIN_SELF = YES;
				CLANG_WARN_OBJC_LITERAL_CONVERSION = YES;
				CLANG_WARN_OBJC_ROOT_CLASS = YES_ERROR;
				CLANG_WARN_QUOTED_INCLUDE_IN_FRAMEWORK_HEADER = YES;
				CLANG_WARN_RANGE_LOOP_ANALYSIS = YES;
				CLANG_WARN_STRICT_PROTOTYPES = YES;
				CLANG_WARN_SUSPICIOUS_MOVE = YES;
				CLANG_WARN_UNGUARDED_AVAILABILITY = YES_AGGRESSIVE;
				CLANG_WARN_UNREACHABLE_CODE = YES;
				CLANG_WARN__DUPLICATE_METHOD_MATCH = YES;
				COPY_PHASE_STRIP = NO;
				DEBUG_INFORMATION_FORMAT = dwarf;
				ENABLE_STRICT_OBJC_MSGSEND = YES;
				ENABLE_TESTABILITY = YES;
				GCC_C_LANGUAGE_STANDARD = gnu11;
				GCC_DYNAMIC_NO_PIC = NO;
				GCC_NO_COMMON_BLOCKS = YES;
				GCC_OPTIMIZATION_LEVEL = 0;
				GCC_PREPROCESSOR_DEFINITIONS = (
					"DEBUG=1",
					"$(inherited)",
				);
				GCC_WARN_64_TO_32_BIT_CONVERSION = YES;
				GCC_WARN_ABOUT_RETURN_TYPE = YES_ERROR;
				GCC_WARN_UNDECLARED_SELECTOR = YES;
				GCC_WARN_UNINITIALIZED_AUTOS = YES_AGGRESSIVE;
				GCC_WARN_UNUSED_FUNCTION = YES;
				GCC_WARN_UNUSED_VARIABLE = YES;
				IPHONEOS_DEPLOYMENT_TARGET = 16.0;
				MTL_ENABLE_DEBUG_INFO = INCLUDE_SOURCE;
				MTL_FAST_MATH = YES;
				ONLY_ACTIVE_ARCH = YES;
				SDKROOT = iphoneos;
				SWIFT_ACTIVE_COMPILATION_CONDITIONS = DEBUG;
				SWIFT_OPTIMIZATION_LEVEL = "-Onone";
			};
			name = Debug;
		};
		CED5FEF528F7A181003BD119 /* Release */ = {
			isa = XCBuildConfiguration;
			buildSettings = {
				ALWAYS_SEARCH_USER_PATHS = NO;
				CLANG_ANALYZER_NONNULL = YES;
				CLANG_ANALYZER_NUMBER_OBJECT_CONVERSION = YES_AGGRESSIVE;
				CLANG_CXX_LANGUAGE_STANDARD = "gnu++20";
				CLANG_ENABLE_MODULES = YES;
				CLANG_ENABLE_OBJC_ARC = YES;
				CLANG_ENABLE_OBJC_WEAK = YES;
				CLANG_WARN_BLOCK_CAPTURE_AUTORELEASING = YES;
				CLANG_WARN_BOOL_CONVERSION = YES;
				CLANG_WARN_COMMA = YES;
				CLANG_WARN_CONSTANT_CONVERSION = YES;
				CLANG_WARN_DEPRECATED_OBJC_IMPLEMENTATIONS = YES;
				CLANG_WARN_DIRECT_OBJC_ISA_USAGE = YES_ERROR;
				CLANG_WARN_DOCUMENTATION_COMMENTS = YES;
				CLANG_WARN_EMPTY_BODY = YES;
				CLANG_WARN_ENUM_CONVERSION = YES;
				CLANG_WARN_INFINITE_RECURSION = YES;
				CLANG_WARN_INT_CONVERSION = YES;
				CLANG_WARN_NON_LITERAL_NULL_CONVERSION = YES;
				CLANG_WARN_OBJC_IMPLICIT_RETAIN_SELF = YES;
				CLANG_WARN_OBJC_LITERAL_CONVERSION = YES;
				CLANG_WARN_OBJC_ROOT_CLASS = YES_ERROR;
				CLANG_WARN_QUOTED_INCLUDE_IN_FRAMEWORK_HEADER = YES;
				CLANG_WARN_RANGE_LOOP_ANALYSIS = YES;
				CLANG_WARN_STRICT_PROTOTYPES = YES;
				CLANG_WARN_SUSPICIOUS_MOVE = YES;
				CLANG_WARN_UNGUARDED_AVAILABILITY = YES_AGGRESSIVE;
				CLANG_WARN_UNREACHABLE_CODE = YES;
				CLANG_WARN__DUPLICATE_METHOD_MATCH = YES;
				COPY_PHASE_STRIP = NO;
				DEBUG_INFORMATION_FORMAT = "dwarf-with-dsym";
				ENABLE_NS_ASSERTIONS = NO;
				ENABLE_STRICT_OBJC_MSGSEND = YES;
				GCC_C_LANGUAGE_STANDARD = gnu11;
				GCC_NO_COMMON_BLOCKS = YES;
				GCC_WARN_64_TO_32_BIT_CONVERSION = YES;
				GCC_WARN_ABOUT_RETURN_TYPE = YES_ERROR;
				GCC_WARN_UNDECLARED_SELECTOR = YES;
				GCC_WARN_UNINITIALIZED_AUTOS = YES_AGGRESSIVE;
				GCC_WARN_UNUSED_FUNCTION = YES;
				GCC_WARN_UNUSED_VARIABLE = YES;
				IPHONEOS_DEPLOYMENT_TARGET = 16.0;
				MTL_ENABLE_DEBUG_INFO = NO;
				MTL_FAST_MATH = YES;
				SDKROOT = iphoneos;
				SWIFT_COMPILATION_MODE = wholemodule;
				SWIFT_OPTIMIZATION_LEVEL = "-O";
				VALIDATE_PRODUCT = YES;
			};
			name = Release;
		};
		CED5FEF728F7A181003BD119 /* Debug */ = {
			isa = XCBuildConfiguration;
			buildSettings = {
				ASSETCATALOG_COMPILER_APPICON_NAME = AppIcon;
				ASSETCATALOG_COMPILER_GLOBAL_ACCENT_COLOR_NAME = AccentColor;
				CODE_SIGN_STYLE = Automatic;
				CURRENT_PROJECT_VERSION = 1;
				DEVELOPMENT_ASSET_PATHS = "\"DummyTrain/Preview Content\"";
				DEVELOPMENT_TEAM = D86YAFJU4P;
				ENABLE_PREVIEWS = YES;
				GENERATE_INFOPLIST_FILE = YES;
				INFOPLIST_KEY_UIApplicationSceneManifest_Generation = YES;
				INFOPLIST_KEY_UIApplicationSupportsIndirectInputEvents = YES;
				INFOPLIST_KEY_UILaunchScreen_Generation = YES;
				INFOPLIST_KEY_UISupportedInterfaceOrientations_iPad = "UIInterfaceOrientationPortrait UIInterfaceOrientationPortraitUpsideDown UIInterfaceOrientationLandscapeLeft UIInterfaceOrientationLandscapeRight";
				INFOPLIST_KEY_UISupportedInterfaceOrientations_iPhone = "UIInterfaceOrientationPortrait UIInterfaceOrientationLandscapeLeft UIInterfaceOrientationLandscapeRight";
				IPHONEOS_DEPLOYMENT_TARGET = 14.0;
				LD_RUNPATH_SEARCH_PATHS = (
					"$(inherited)",
					"@executable_path/Frameworks",
				);
				MARKETING_VERSION = 1.0;
				PRODUCT_BUNDLE_IDENTIFIER = com.wingsmight.DummyTrain;
				PRODUCT_NAME = "$(TARGET_NAME)";
				SWIFT_EMIT_LOC_STRINGS = YES;
				SWIFT_VERSION = 5.0;
				TARGETED_DEVICE_FAMILY = "1,2";
			};
			name = Debug;
		};
		CED5FEF828F7A181003BD119 /* Release */ = {
			isa = XCBuildConfiguration;
			buildSettings = {
				ASSETCATALOG_COMPILER_APPICON_NAME = AppIcon;
				ASSETCATALOG_COMPILER_GLOBAL_ACCENT_COLOR_NAME = AccentColor;
				CODE_SIGN_STYLE = Automatic;
				CURRENT_PROJECT_VERSION = 1;
				DEVELOPMENT_ASSET_PATHS = "\"DummyTrain/Preview Content\"";
				DEVELOPMENT_TEAM = D86YAFJU4P;
				ENABLE_PREVIEWS = YES;
				GENERATE_INFOPLIST_FILE = YES;
				INFOPLIST_KEY_UIApplicationSceneManifest_Generation = YES;
				INFOPLIST_KEY_UIApplicationSupportsIndirectInputEvents = YES;
				INFOPLIST_KEY_UILaunchScreen_Generation = YES;
				INFOPLIST_KEY_UISupportedInterfaceOrientations_iPad = "UIInterfaceOrientationPortrait UIInterfaceOrientationPortraitUpsideDown UIInterfaceOrientationLandscapeLeft UIInterfaceOrientationLandscapeRight";
				INFOPLIST_KEY_UISupportedInterfaceOrientations_iPhone = "UIInterfaceOrientationPortrait UIInterfaceOrientationLandscapeLeft UIInterfaceOrientationLandscapeRight";
				IPHONEOS_DEPLOYMENT_TARGET = 14.0;
				LD_RUNPATH_SEARCH_PATHS = (
					"$(inherited)",
					"@executable_path/Frameworks",
				);
				MARKETING_VERSION = 1.0;
				PRODUCT_BUNDLE_IDENTIFIER = com.wingsmight.DummyTrain;
				PRODUCT_NAME = "$(TARGET_NAME)";
				SWIFT_EMIT_LOC_STRINGS = YES;
				SWIFT_VERSION = 5.0;
				TARGETED_DEVICE_FAMILY = "1,2";
			};
			name = Release;
		};
/* End XCBuildConfiguration section */

/* Begin XCConfigurationList section */
		CED5FEE328F7A180003BD119 /* Build configuration list for PBXProject "DummyTrain" */ = {
			isa = XCConfigurationList;
			buildConfigurations = (
				CED5FEF428F7A181003BD119 /* Debug */,
				CED5FEF528F7A181003BD119 /* Release */,
			);
			defaultConfigurationIsVisible = 0;
			defaultConfigurationName = Release;
		};
		CED5FEF628F7A181003BD119 /* Build configuration list for PBXNativeTarget "DummyTrain" */ = {
			isa = XCConfigurationList;
			buildConfigurations = (
				CED5FEF728F7A181003BD119 /* Debug */,
				CED5FEF828F7A181003BD119 /* Release */,
			);
			defaultConfigurationIsVisible = 0;
			defaultConfigurationName = Release;
		};
/* End XCConfigurationList section */
	};
	rootObject = CED5FEE028F7A180003BD119 /* Project object */;
}
